
Microsoft Visual Studio Solution File, Format Version 12.00
# Visual Studio Version 17
VisualStudioVersion = 17.4.33213.308
MinimumVisualStudioVersion = 10.0.40219.1
Project("{8BC9CEB8-8B4A-11D0-8D11-00A0C91BC942}") = "Sparker Engine", "Sparker Engine\Sparker Engine.vcxproj", "{045C4EFD-68A8-428C-BEF6-C3D98FAE39DD}"
EndProject
Global
	GlobalSection(SolutionConfigurationPlatforms) = preSolution
		Debug|x64 = Debug|x64
		Debug|x86 = Debug|x86
		Release|x64 = Release|x64
		Release|x86 = Release|x86
	EndGlobalSection
	GlobalSection(ProjectConfigurationPlatforms) = postSolution
		{045C4EFD-68A8-428C-BEF6-C3D98FAE39DD}.Debug|x64.ActiveCfg = Debug|x64
		{045C4EFD-68A8-428C-BEF6-C3D98FAE39DD}.Debug|x64.Build.0 = Debug|x64
		{045C4EFD-68A8-428C-BEF6-C3D98FAE39DD}.Debug|x86.ActiveCfg = Debug|Win32
		{045C4EFD-68A8-428C-BEF6-C3D98FAE39DD}.Debug|x86.Build.0 = Debug|Win32
		{045C4EFD-68A8-428C-BEF6-C3D98FAE39DD}.Release|x64.ActiveCfg = Release|x64
		{045C4EFD-68A8-428C-BEF6-C3D98FAE39DD}.Release|x64.Build.0 = Release|x64
		{045C4EFD-68A8-428C-BEF6-C3D98FAE39DD}.Release|x86.ActiveCfg = Release|Win32
		{045C4EFD-68A8-428C-BEF6-C3D98FAE39DD}.Release|x86.Build.0 = Release|Win32
	EndGlobalSection
	GlobalSection(SolutionProperties) = preSolution
		HideSolutionNode = FALSE
	EndGlobalSection
	GlobalSection(ExtensibilityGlobals) = postSolution
		SolutionGuid = {3F953474-E800-40B0-8C75-E21FDB88638E}
	EndGlobalSection
EndGlobal
