<?xml version="1.0" encoding="utf-8"?>
<Project ToolsVersion="4.0" xmlns="http://schemas.microsoft.com/developer/msbuild/2003">
  <ItemGroup>
    <Filter Include="Source Files">
      <UniqueIdentifier>{4FC737F1-C7A5-4376-A066-2A32D752A2FF}</UniqueIdentifier>
      <Extensions>cpp;c;cc;cxx;c++;cppm;ixx;def;odl;idl;hpj;bat;asm;asmx</Extensions>
    </Filter>
    <Filter Include="Header Files">
      <UniqueIdentifier>{93995380-89BD-4b04-88EB-625FBE52EBFB}</UniqueIdentifier>
      <Extensions>h;hh;hpp;hxx;h++;hm;inl;inc;ipp;xsd</Extensions>
    </Filter>
    <Filter Include="Resource Files">
      <UniqueIdentifier>{67DA6AB6-F800-4c08-8B7A-83BB121AAD01}</UniqueIdentifier>
      <Extensions>rc;ico;cur;bmp;dlg;rc2;rct;bin;rgs;gif;jpg;jpeg;jpe;resx;tiff;tif;png;wav;mfcribbon-ms</Extensions>
    </Filter>
    <Filter Include="Source Files\Shared">
      <UniqueIdentifier>{09f47ab2-583a-43a7-872a-1e3132db55d5}</UniqueIdentifier>
    </Filter>
    <Filter Include="Source Files\Shared\Engine">
      <UniqueIdentifier>{14dcd55e-e9da-46ba-87c5-883c98e42603}</UniqueIdentifier>
    </Filter>
    <Filter Include="Source Files\Shared\Dependencies">
      <UniqueIdentifier>{fef64fc9-58ba-4b57-b508-c8b77d14c68d}</UniqueIdentifier>
    </Filter>
    <Filter Include="Source Files\Shared\Dependencies\imgui">
      <UniqueIdentifier>{5e91d02d-5554-46d9-9ba1-e1927a8c2fe2}</UniqueIdentifier>
    </Filter>
    <Filter Include="Source Files\Shared\Dependencies\Assimp">
      <UniqueIdentifier>{d07a4fba-94e3-411d-8fb9-1d015a2d7bbc}</UniqueIdentifier>
    </Filter>
    <Filter Include="Source Files\Shared\Engine\GUI">
      <UniqueIdentifier>{64cec3c9-aab6-458c-b3e7-825a690a6428}</UniqueIdentifier>
    </Filter>
    <Filter Include="Source Files\Shared\Engine\Renderer">
      <UniqueIdentifier>{d0a05cb2-1557-4eca-8bf4-69e4a2812279}</UniqueIdentifier>
    </Filter>
    <Filter Include="Source Files\Shared\Engine\Utility">
      <UniqueIdentifier>{9cf451cc-aa57-4a08-995a-eaf79733dc9a}</UniqueIdentifier>
    </Filter>
    <Filter Include="Header Files\Shared">
      <UniqueIdentifier>{89aab28c-ac2a-4abb-ba9e-51c53fc9ace2}</UniqueIdentifier>
    </Filter>
    <Filter Include="Header Files\Shared\Dependencies">
      <UniqueIdentifier>{7051bdc2-5553-4507-971d-9bcefa1dfe22}</UniqueIdentifier>
    </Filter>
    <Filter Include="Header Files\Shared\Engine">
      <UniqueIdentifier>{bec021e4-4e79-49f1-a6ed-3ebe0b0c1507}</UniqueIdentifier>
    </Filter>
    <Filter Include="Header Files\Shared\Engine\GUI">
      <UniqueIdentifier>{bbe387db-381e-4dc6-a13f-5963987bb2fb}</UniqueIdentifier>
    </Filter>
    <Filter Include="Header Files\Shared\Engine\Utility">
      <UniqueIdentifier>{ab56340d-e61d-438c-909b-80e044f2d3a0}</UniqueIdentifier>
    </Filter>
    <Filter Include="Header Files\Shared\Engine\Renderer">
      <UniqueIdentifier>{0de81b77-8431-4eda-a3bd-934e2176c753}</UniqueIdentifier>
    </Filter>
    <Filter Include="Header Files\Shared\Dependencies\imgui">
      <UniqueIdentifier>{2ca9dc66-ae21-4b89-90db-9b3638b9532a}</UniqueIdentifier>
    </Filter>
    <Filter Include="Source Files\Shared\Engine\Game Object">
      <UniqueIdentifier>{2ff8b233-e288-4e7e-9c67-a891f492b912}</UniqueIdentifier>
    </Filter>
    <Filter Include="Header Files\Shared\Engine\Game Object">
      <UniqueIdentifier>{b53d9bed-358b-4a0d-b522-db7d72865fe9}</UniqueIdentifier>
    </Filter>
    <Filter Include="Source Files\Shared\Dependencies\glad">
      <UniqueIdentifier>{9aed3221-ec61-4093-b4c7-7eb921b395f9}</UniqueIdentifier>
    </Filter>
    <Filter Include="Header Files\Shared\Dependencies\glad">
      <UniqueIdentifier>{e6aeaee8-b0ec-4632-bd40-46fc70741513}</UniqueIdentifier>
    </Filter>
    <Filter Include="Source Files\Shared\Engine\Engine Defaults">
      <UniqueIdentifier>{27d64471-e216-40ac-83af-866d6e1d0e47}</UniqueIdentifier>
    </Filter>
    <Filter Include="Source Files\Shared\Engine\Engine Defaults\Default Materials">
      <UniqueIdentifier>{6dfc4a10-fce1-4523-a397-6b99ae332e17}</UniqueIdentifier>
    </Filter>
    <Filter Include="Source Files\Shared\Engine\Engine Defaults\Shader">
      <UniqueIdentifier>{8b5b7173-dff3-4d14-a7f6-6e7c8ce80b61}</UniqueIdentifier>
    </Filter>
    <Filter Include="Source Files\Shared\Engine\Engine Defaults\Shader\Compiled">
      <UniqueIdentifier>{c9e6ee51-be71-4aff-8131-5e7093504d3b}</UniqueIdentifier>
    </Filter>
    <Filter Include="Source Files\Shared\Engine\Engine Defaults\Shader\Raw">
      <UniqueIdentifier>{34ae4fca-1e81-471b-98df-fc5ba1bbee33}</UniqueIdentifier>
    </Filter>
    <Filter Include="Header Files\Shared\Engine\Shader">
      <UniqueIdentifier>{f2df5339-d270-4226-ab00-cd3ccc63b8c1}</UniqueIdentifier>
    </Filter>
  </ItemGroup>
  <ItemGroup>
    <ClCompile Include="Main.cpp">
      <Filter>Source Files</Filter>
    </ClCompile>
    <ClCompile Include="Shared\Dependencies\ImGui\imgui.cpp">
      <Filter>Source Files\Shared\Dependencies\imgui</Filter>
    </ClCompile>
    <ClCompile Include="Shared\Dependencies\ImGui\imgui_demo.cpp">
      <Filter>Source Files\Shared\Dependencies\imgui</Filter>
    </ClCompile>
    <ClCompile Include="Shared\Dependencies\ImGui\imgui_draw.cpp">
      <Filter>Source Files\Shared\Dependencies\imgui</Filter>
    </ClCompile>
    <ClCompile Include="Shared\Dependencies\ImGui\imgui_impl_glfw.cpp">
      <Filter>Source Files\Shared\Dependencies\imgui</Filter>
    </ClCompile>
    <ClCompile Include="Shared\Dependencies\ImGui\imgui_impl_opengl3.cpp">
      <Filter>Source Files\Shared\Dependencies\imgui</Filter>
    </ClCompile>
    <ClCompile Include="Shared\Dependencies\ImGui\imgui_tables.cpp">
      <Filter>Source Files\Shared\Dependencies\imgui</Filter>
    </ClCompile>
    <ClCompile Include="Shared\Dependencies\ImGui\imgui_widgets.cpp">
      <Filter>Source Files\Shared\Dependencies\imgui</Filter>
    </ClCompile>
    <ClCompile Include="Shared\Engine\GUI\gui.cpp">
      <Filter>Source Files\Shared\Engine\GUI</Filter>
    </ClCompile>
    <ClCompile Include="Shared\Engine\Utility\STBstuff.cpp">
      <Filter>Source Files\Shared\Engine\Utility</Filter>
    </ClCompile>
    <ClCompile Include="Shared\Engine\Utility\Transform.cpp">
      <Filter>Source Files\Shared\Engine\Utility</Filter>
    </ClCompile>
    <ClCompile Include="Shared\Engine\Utility\Window.cpp">
      <Filter>Source Files\Shared\Engine\Utility</Filter>
    </ClCompile>
    <ClCompile Include="Shared\Engine\Renderer\Camera.cpp">
      <Filter>Source Files\Shared\Engine\Renderer</Filter>
    </ClCompile>
    <ClCompile Include="Shared\Engine\Renderer\Light.cpp">
      <Filter>Source Files\Shared\Engine\Renderer</Filter>
    </ClCompile>
    <ClCompile Include="Shared\Dependencies\glad\glad.c">
      <Filter>Source Files\Shared\Dependencies\glad</Filter>
    </ClCompile>
    <ClCompile Include="Shared\Engine\Utility\MaterialManager.cpp">
      <Filter>Source Files\Shared\Engine\Utility</Filter>
    </ClCompile>
    <ClCompile Include="Shared\Engine\GameObject\Mesh.cpp">
      <Filter>Source Files\Shared\Engine\Game Object</Filter>
    </ClCompile>
    <ClCompile Include="Shared\Engine\GameObject\MeshRenderer.cpp">
      <Filter>Source Files\Shared\Engine\Game Object</Filter>
    </ClCompile>
    <ClCompile Include="Shared\Engine\GameObject\Model.cpp">
      <Filter>Source Files\Shared\Engine\Game Object</Filter>
    </ClCompile>
    <ClCompile Include="Shared\Engine\GameObject\Object.cpp">
      <Filter>Source Files\Shared\Engine\Game Object</Filter>
    </ClCompile>
    <ClCompile Include="Shared\Engine\GameObject\Component.cpp">
      <Filter>Source Files\Shared\Engine\Game Object</Filter>
    </ClCompile>
    <ClCompile Include="Shared\Engine\Utility\Scene.cpp">
      <Filter>Source Files\Shared\Engine\Utility</Filter>
    </ClCompile>
    <ClCompile Include="Shared\Engine\Shader\Shader.cpp">
      <Filter>Source Files\Shared\Engine\Engine Defaults\Shader</Filter>
    </ClCompile>
  </ItemGroup>
  <ItemGroup>
    <ClInclude Include="Shared\Dependencies\ImGui\imgui_internal.h">
      <Filter>Header Files\Shared\Dependencies\imgui</Filter>
    </ClInclude>
    <ClInclude Include="Shared\Dependencies\ImGui\imstb_rectpack.h">
      <Filter>Header Files\Shared\Dependencies\imgui</Filter>
    </ClInclude>
    <ClInclude Include="Shared\Dependencies\ImGui\imstb_textedit.h">
      <Filter>Header Files\Shared\Dependencies\imgui</Filter>
    </ClInclude>
    <ClInclude Include="Shared\Dependencies\ImGui\imstb_truetype.h">
      <Filter>Header Files\Shared\Dependencies\imgui</Filter>
    </ClInclude>
    <ClInclude Include="Shared\Dependencies\ImGui\imconfig.h">
      <Filter>Header Files\Shared\Dependencies\imgui</Filter>
    </ClInclude>
    <ClInclude Include="Shared\Dependencies\ImGui\imgui.h">
      <Filter>Header Files\Shared\Dependencies\imgui</Filter>
    </ClInclude>
    <ClInclude Include="Shared\Dependencies\ImGui\imgui_impl_glfw.h">
      <Filter>Header Files\Shared\Dependencies\imgui</Filter>
    </ClInclude>
    <ClInclude Include="Shared\Dependencies\ImGui\imgui_impl_opengl3.h">
      <Filter>Header Files\Shared\Dependencies\imgui</Filter>
    </ClInclude>
    <ClInclude Include="Shared\Dependencies\ImGui\imgui_impl_opengl3_loader.h">
      <Filter>Header Files\Shared\Dependencies\imgui</Filter>
    </ClInclude>
    <ClInclude Include="Shared\Engine\GUI\gui.h">
      <Filter>Header Files\Shared\Engine\GUI</Filter>
    </ClInclude>
    <ClInclude Include="Shared\Engine\Renderer\Camera.h">
      <Filter>Header Files\Shared\Engine\Renderer</Filter>
    </ClInclude>
    <ClInclude Include="Shared\Engine\Renderer\Light.h">
      <Filter>Header Files\Shared\Engine\Renderer</Filter>
    </ClInclude>
    <ClInclude Include="Shared\Engine\Utility\Window.h">
      <Filter>Header Files\Shared\Engine\Utility</Filter>
    </ClInclude>
    <ClInclude Include="Shared\Dependencies\glad\glad.h">
      <Filter>Header Files\Shared\Dependencies\glad</Filter>
    </ClInclude>
    <ClInclude Include="Shared\Engine\Utility\MaterialManager.h">
      <Filter>Header Files\Shared\Engine\Utility</Filter>
    </ClInclude>
    <ClInclude Include="Shared\Engine\GameObject\Mesh.h">
      <Filter>Header Files\Shared\Engine\Game Object</Filter>
    </ClInclude>
    <ClInclude Include="Shared\Engine\GameObject\MeshRenderer.h">
      <Filter>Header Files\Shared\Engine\Game Object</Filter>
    </ClInclude>
    <ClInclude Include="Shared\Engine\GameObject\Model.h">
      <Filter>Header Files\Shared\Engine\Game Object</Filter>
    </ClInclude>
    <ClInclude Include="Shared\Engine\GameObject\Object.h">
      <Filter>Header Files\Shared\Engine\Game Object</Filter>
    </ClInclude>
    <ClInclude Include="Shared\Engine\GameObject\Component.h">
      <Filter>Header Files\Shared\Engine\Game Object</Filter>
    </ClInclude>
    <ClInclude Include="Shared\Engine\Utility\Scene.h">
      <Filter>Header Files\Shared\Engine\Utility</Filter>
    </ClInclude>
    <ClInclude Include="Shared\Engine\Utility\Time.h">
      <Filter>Header Files\Shared\Engine\Utility</Filter>
    </ClInclude>
    <ClInclude Include="Shared\Engine\Utility\Transform.h">
      <Filter>Header Files\Shared\Engine\Utility</Filter>
    </ClInclude>
    <ClInclude Include="Shared\Engine\Shader\Shader.h">
      <Filter>Header Files\Shared\Engine\Shader</Filter>
    </ClInclude>
  </ItemGroup>
  <ItemGroup>
    <Image Include="C:\Users\robsc\Pictures\container2.png">
      <Filter>Resource Files</Filter>
    </Image>
    <Image Include="Resources\container2_specular.png">
      <Filter>Resource Files</Filter>
    </Image>
  </ItemGroup>
  <ItemGroup>
    <None Include="Shared\Dependencies\Assimp\assimp-vc143-mt.dll">
      <Filter>Source Files\Shared\Dependencies\Assimp</Filter>
    </None>
    <None Include="Material Basic.material">
      <Filter>Source Files\Shared\Engine\Engine Defaults\Default Materials</Filter>
    </None>
    <None Include="Shared\Engine\Shader\Raw\Basic.frag">
      <Filter>Source Files\Shared\Engine\Engine Defaults\Shader\Raw</Filter>
    </None>
    <None Include="Shared\Engine\Shader\Raw\Basic.vs">
      <Filter>Source Files\Shared\Engine\Engine Defaults\Shader\Raw</Filter>
    </None>
    <None Include="Shared\Engine\Shader\Raw\Light.frag">
      <Filter>Source Files\Shared\Engine\Engine Defaults\Shader\Raw</Filter>
    </None>
    <None Include="Shared\Engine\Shader\Raw\Light.vs">
      <Filter>Source Files\Shared\Engine\Engine Defaults\Shader\Raw</Filter>
    </None>
    <None Include="Shared\Engine\Shader\Raw\LightSource.frag">
      <Filter>Source Files\Shared\Engine\Engine Defaults\Shader\Raw</Filter>
    </None>
    <None Include="Shared\Engine\Shader\Raw\LightSource.vs">
      <Filter>Source Files\Shared\Engine\Engine Defaults\Shader\Raw</Filter>
    </None>
    <None Include="Shared\Engine\Shader\Raw\model_loading.frag">
      <Filter>Source Files\Shared\Engine\Engine Defaults\Shader\Raw</Filter>
    </None>
    <None Include="Shared\Engine\Shader\Raw\model_loading.vs">
      <Filter>Source Files\Shared\Engine\Engine Defaults\Shader\Raw</Filter>
    </None>
    <None Include="Shared\Engine\Shader\Raw\Default.frag">
      <Filter>Source Files\Shared\Engine\Engine Defaults\Shader\Raw</Filter>
    </None>
    <None Include="Shared\Engine\Shader\Raw\Default.vert">
      <Filter>Source Files\Shared\Engine\Engine Defaults\Shader\Raw</Filter>
    </None>
  </ItemGroup>
</Project>